
Microsoft Visual Studio Solution File, Format Version 12.00
# Visual Studio Version 17
VisualStudioVersion = 17.3.32825.248
MinimumVisualStudioVersion = 10.0.40219.1
Project("{FAE04EC0-301F-11D3-BF4B-00C04F79EFBC}") = "AjaxDemo4-24.Web", "AjaxDemo4-24.Web\AjaxDemo4-24.Web.csproj", "{B6C9AA92-D0FF-416F-A6E6-0D6B41534D46}"
EndProject
Project("{FAE04EC0-301F-11D3-BF4B-00C04F79EFBC}") = "AjaxDemo.Data", "AjaxDemo.Data\AjaxDemo.Data.csproj", "{3C652A1F-764A-4891-8CF0-3AA283D67CE1}"
EndProject
Global
	GlobalSection(SolutionConfigurationPlatforms) = preSolution
		Debug|Any CPU = Debug|Any CPU
		Release|Any CPU = Release|Any CPU
	EndGlobalSection
	GlobalSection(ProjectConfigurationPlatforms) = postSolution
		{B6C9AA92-D0FF-416F-A6E6-0D6B41534D46}.Debug|Any CPU.ActiveCfg = Debug|Any CPU
		{B6C9AA92-D0FF-416F-A6E6-0D6B41534D46}.Debug|Any CPU.Build.0 = Debug|Any CPU
		{B6C9AA92-D0FF-416F-A6E6-0D6B41534D46}.Release|Any CPU.ActiveCfg = Release|Any CPU
		{B6C9AA92-D0FF-416F-A6E6-0D6B41534D46}.Release|Any CPU.Build.0 = Release|Any CPU
		{3C652A1F-764A-4891-8CF0-3AA283D67CE1}.Debug|Any CPU.ActiveCfg = Debug|Any CPU
		{3C652A1F-764A-4891-8CF0-3AA283D67CE1}.Debug|Any CPU.Build.0 = Debug|Any CPU
		{3C652A1F-764A-4891-8CF0-3AA283D67CE1}.Release|Any CPU.ActiveCfg = Release|Any CPU
		{3C652A1F-764A-4891-8CF0-3AA283D67CE1}.Release|Any CPU.Build.0 = Release|Any CPU
	EndGlobalSection
	GlobalSection(SolutionProperties) = preSolution
		HideSolutionNode = FALSE
	EndGlobalSection
	GlobalSection(ExtensibilityGlobals) = postSolution
		SolutionGuid = {1BF8D6BA-3276-4F55-973A-1197679EF954}
	EndGlobalSection
EndGlobal
